
Microsoft Visual Studio Solution File, Format Version 12.00
# Visual Studio 2012
Project("{FAE04EC0-301F-11D3-BF4B-00C04F79EFBC}") = "AsyncParallel", "AsyncParallel.csproj", "{15D5777A-4EB6-4298-AA0A-AEB9D858DC79}"
EndProject
Global
	GlobalSection(SolutionConfigurationPlatforms) = preSolution
		Debug|Any CPU = Debug|Any CPU
		Release|Any CPU = Release|Any CPU
	EndGlobalSection
	GlobalSection(ProjectConfigurationPlatforms) = postSolution
		{15D5777A-4EB6-4298-AA0A-AEB9D858DC79}.Debug|Any CPU.ActiveCfg = Debug|Any CPU
		{15D5777A-4EB6-4298-AA0A-AEB9D858DC79}.Debug|Any CPU.Build.0 = Debug|Any CPU
		{15D5777A-4EB6-4298-AA0A-AEB9D858DC79}.Release|Any CPU.ActiveCfg = Release|Any CPU
		{15D5777A-4EB6-4298-AA0A-AEB9D858DC79}.Release|Any CPU.Build.0 = Release|Any CPU
	EndGlobalSection
	GlobalSection(SolutionProperties) = preSolution
		HideSolutionNode = FALSE
	EndGlobalSection
EndGlobal
